
Microsoft Visual Studio Solution File, Format Version 12.00
# Visual Studio Version 17
VisualStudioVersion = 17.8.34316.72
MinimumVisualStudioVersion = 10.0.40219.1
Project("{FAE04EC0-301F-11D3-BF4B-00C04F79EFBC}") = "MeteosisIseGirisProjesi", "MeteosisIseGirisProjesi\MeteosisIseGirisProjesi.csproj", "{295A1A7D-C134-4AEA-8655-2940EF8E9DD9}"
EndProject
Project("{FAE04EC0-301F-11D3-BF4B-00C04F79EFBC}") = "Meteosis", "WebApplication1\Meteosis.csproj", "{1343E02A-5BC6-45FA-B32D-F4357C559DE8}"
EndProject
Global
	GlobalSection(SolutionConfigurationPlatforms) = preSolution
		Debug|Any CPU = Debug|Any CPU
		Release|Any CPU = Release|Any CPU
	EndGlobalSection
	GlobalSection(ProjectConfigurationPlatforms) = postSolution
		{295A1A7D-C134-4AEA-8655-2940EF8E9DD9}.Debug|Any CPU.ActiveCfg = Debug|Any CPU
		{295A1A7D-C134-4AEA-8655-2940EF8E9DD9}.Debug|Any CPU.Build.0 = Debug|Any CPU
		{295A1A7D-C134-4AEA-8655-2940EF8E9DD9}.Release|Any CPU.ActiveCfg = Release|Any CPU
		{295A1A7D-C134-4AEA-8655-2940EF8E9DD9}.Release|Any CPU.Build.0 = Release|Any CPU
		{1343E02A-5BC6-45FA-B32D-F4357C559DE8}.Debug|Any CPU.ActiveCfg = Debug|Any CPU
		{1343E02A-5BC6-45FA-B32D-F4357C559DE8}.Debug|Any CPU.Build.0 = Debug|Any CPU
		{1343E02A-5BC6-45FA-B32D-F4357C559DE8}.Release|Any CPU.ActiveCfg = Release|Any CPU
		{1343E02A-5BC6-45FA-B32D-F4357C559DE8}.Release|Any CPU.Build.0 = Release|Any CPU
	EndGlobalSection
	GlobalSection(SolutionProperties) = preSolution
		HideSolutionNode = FALSE
	EndGlobalSection
	GlobalSection(ExtensibilityGlobals) = postSolution
		SolutionGuid = {75F8DEE0-FAB9-4C87-9782-18E76DAEBA92}
	EndGlobalSection
EndGlobal
